
Microsoft Visual Studio Solution File, Format Version 12.00
# Visual Studio Version 16
VisualStudioVersion = 16.0.30615.102
MinimumVisualStudioVersion = 10.0.40219.1
Project("{9A19103F-16F7-4668-BE54-9A1E7A4F7556}") = "Gabsch.AsthetikPersonal", "Gabsch.AsthetikPersonal.csproj", "{2855FB5F-BF95-4E15-80D6-794B725ED5A8}"
EndProject
Project("{9A19103F-16F7-4668-BE54-9A1E7A4F7556}") = "DevExpress.Blazor.AnchorUtils", "..\tools\DevExpress.Blazor.AnchorUtils\DevExpress.Blazor.AnchorUtils.csproj", "{CE37E3CA-1959-4883-8640-44DEAF102DA9}"
EndProject
Global
	GlobalSection(SolutionConfigurationPlatforms) = preSolution
		Debug|Any CPU = Debug|Any CPU
		Release|Any CPU = Release|Any CPU
	EndGlobalSection
	GlobalSection(ProjectConfigurationPlatforms) = postSolution
		{2855FB5F-BF95-4E15-80D6-794B725ED5A8}.Debug|Any CPU.ActiveCfg = Debug|Any CPU
		{2855FB5F-BF95-4E15-80D6-794B725ED5A8}.Debug|Any CPU.Build.0 = Debug|Any CPU
		{2855FB5F-BF95-4E15-80D6-794B725ED5A8}.Release|Any CPU.ActiveCfg = Release|Any CPU
		{2855FB5F-BF95-4E15-80D6-794B725ED5A8}.Release|Any CPU.Build.0 = Release|Any CPU
		{CE37E3CA-1959-4883-8640-44DEAF102DA9}.Debug|Any CPU.ActiveCfg = Debug|Any CPU
		{CE37E3CA-1959-4883-8640-44DEAF102DA9}.Debug|Any CPU.Build.0 = Debug|Any CPU
		{CE37E3CA-1959-4883-8640-44DEAF102DA9}.Release|Any CPU.ActiveCfg = Release|Any CPU
		{CE37E3CA-1959-4883-8640-44DEAF102DA9}.Release|Any CPU.Build.0 = Release|Any CPU
	EndGlobalSection
	GlobalSection(SolutionProperties) = preSolution
		HideSolutionNode = FALSE
	EndGlobalSection
	GlobalSection(ExtensibilityGlobals) = postSolution
		SolutionGuid = {863C5CC7-D4F6-43E3-897E-34A0F66417E6}
	EndGlobalSection
EndGlobal
